
Microsoft Visual Studio Solution File, Format Version 12.00
# Visual Studio 15
VisualStudioVersion = 15.0.28010.2050
MinimumVisualStudioVersion = 10.0.40219.1
Project("{FAE04EC0-301F-11D3-BF4B-00C04F79EFBC}") = "HardwareShop", "HardwareShop\HardwareShop.csproj", "{AC1B327B-0556-4942-B715-22DF2E6CCD56}"
EndProject
Global
	GlobalSection(SolutionConfigurationPlatforms) = preSolution
		Debug|Any CPU = Debug|Any CPU
		Release|Any CPU = Release|Any CPU
	EndGlobalSection
	GlobalSection(ProjectConfigurationPlatforms) = postSolution
		{AC1B327B-0556-4942-B715-22DF2E6CCD56}.Debug|Any CPU.ActiveCfg = Debug|Any CPU
		{AC1B327B-0556-4942-B715-22DF2E6CCD56}.Debug|Any CPU.Build.0 = Debug|Any CPU
		{AC1B327B-0556-4942-B715-22DF2E6CCD56}.Release|Any CPU.ActiveCfg = Release|Any CPU
		{AC1B327B-0556-4942-B715-22DF2E6CCD56}.Release|Any CPU.Build.0 = Release|Any CPU
	EndGlobalSection
	GlobalSection(SolutionProperties) = preSolution
		HideSolutionNode = FALSE
	EndGlobalSection
	GlobalSection(ExtensibilityGlobals) = postSolution
		SolutionGuid = {F1C52CFD-BD0F-4786-8B1E-18543682BB2F}
	EndGlobalSection
EndGlobal
